// !$*UTF8*$!
{
	archiveVersion = 1;
	classes = {
	};
	objectVersion = 55;
	objects = {

/* Begin PBXBuildFile section */
		090F2E46288FDB7A003712CB /* AudioManager.swift in Sources */ = {isa = PBXBuildFile; fileRef = 090F2E45288FDB7A003712CB /* AudioManager.swift */; };
		0952C0C42893CD600060ED88 /* Many_Days.mp3 in Resources */ = {isa = PBXBuildFile; fileRef = 0952C0C32893CD600060ED88 /* Many_Days.mp3 */; };
		32211B76287EFD6B00A9F3B1 /* AppDelegate.swift in Sources */ = {isa = PBXBuildFile; fileRef = 32211B75287EFD6B00A9F3B1 /* AppDelegate.swift */; };
		32211B78287EFD6B00A9F3B1 /* SceneDelegate.swift in Sources */ = {isa = PBXBuildFile; fileRef = 32211B77287EFD6B00A9F3B1 /* SceneDelegate.swift */; };
		32211B7A287EFD6B00A9F3B1 /* RoomViewController.swift in Sources */ = {isa = PBXBuildFile; fileRef = 32211B79287EFD6B00A9F3B1 /* RoomViewController.swift */; };
		32211B80287EFD6B00A9F3B1 /* KnockKnock.xcdatamodeld in Sources */ = {isa = PBXBuildFile; fileRef = 32211B7E287EFD6B00A9F3B1 /* KnockKnock.xcdatamodeld */; };
		32211B82287EFD6B00A9F3B1 /* Assets.xcassets in Resources */ = {isa = PBXBuildFile; fileRef = 32211B81287EFD6B00A9F3B1 /* Assets.xcassets */; };
		32211B85287EFD6B00A9F3B1 /* LaunchScreen.storyboard in Resources */ = {isa = PBXBuildFile; fileRef = 32211B83287EFD6B00A9F3B1 /* LaunchScreen.storyboard */; };
		3266FFEE2883D92A00B6D6A6 /* MainLetterViewController.swift in Sources */ = {isa = PBXBuildFile; fileRef = 3266FFED2883D92A00B6D6A6 /* MainLetterViewController.swift */; };
		32B30090288FC1E90020FF8E /* SawarabiMincho-Regular.ttf in Resources */ = {isa = PBXBuildFile; fileRef = 32B3008F288FC1E90020FF8E /* SawarabiMincho-Regular.ttf */; };
		32CD93B0287F0AE300D8E155 /* MainMemoView.swift in Sources */ = {isa = PBXBuildFile; fileRef = 32CD93AF287F0AE300D8E155 /* MainMemoView.swift */; };
		32CD93B3287F0EE100D8E155 /* CoreDataManager.swift in Sources */ = {isa = PBXBuildFile; fileRef = 32CD93B2287F0EE100D8E155 /* CoreDataManager.swift */; };
		32CD93B5287F14C200D8E155 /* MemoDetailViewController.swift in Sources */ = {isa = PBXBuildFile; fileRef = 32CD93B4287F14C200D8E155 /* MemoDetailViewController.swift */; };
		32F3E2C0288A8E5200F66F05 /* MapoFlowerIsland.ttf in Resources */ = {isa = PBXBuildFile; fileRef = 32F3E2BF288A8E5200F66F05 /* MapoFlowerIsland.ttf */; };
		63694D696D312680794B7F0E /* Pods_KnockKnock.framework in Frameworks */ = {isa = PBXBuildFile; fileRef = 15B9DD1D384DD6BA64959574 /* Pods_KnockKnock.framework */; };
		6F182F062880BA100083131C /* MainAlbumViewController.swift in Sources */ = {isa = PBXBuildFile; fileRef = 6F182F052880BA100083131C /* MainAlbumViewController.swift */; };
		6F2F7453288139A400BC2E7B /* AlbumCollectionViewCell.swift in Sources */ = {isa = PBXBuildFile; fileRef = 6F2F7452288139A400BC2E7B /* AlbumCollectionViewCell.swift */; };
		6F7FCCFE288541A70044F591 /* MainFrameViewController.swift in Sources */ = {isa = PBXBuildFile; fileRef = 6F7FCCFD288541A70044F591 /* MainFrameViewController.swift */; };
		6FDE05212886EF2300F4252C /* FrameCollectionViewCell.swift in Sources */ = {isa = PBXBuildFile; fileRef = 6FDE051F2886EF2300F4252C /* FrameCollectionViewCell.swift */; };
		6FDE05222886EF2300F4252C /* FrameViewController.swift in Sources */ = {isa = PBXBuildFile; fileRef = 6FDE05202886EF2300F4252C /* FrameViewController.swift */; };
		BF94253E288143E500CB8653 /* CellDetailViewController.swift in Sources */ = {isa = PBXBuildFile; fileRef = BF94253D288143E500CB8653 /* CellDetailViewController.swift */; };
		BFE7D9CB289263D10086667E /* OnboardingView.swift in Sources */ = {isa = PBXBuildFile; fileRef = BFE7D9CA289263D10086667E /* OnboardingView.swift */; };
		BFE7D9CD289266B40086667E /* OnboardingViewController.swift in Sources */ = {isa = PBXBuildFile; fileRef = BFE7D9CC289266B40086667E /* OnboardingViewController.swift */; };
		D70267AA288685EB00EFDABE /* SettingViewController.swift in Sources */ = {isa = PBXBuildFile; fileRef = D70267A9288685EB00EFDABE /* SettingViewController.swift */; };
		D70267AC2886877B00EFDABE /* Task.swift in Sources */ = {isa = PBXBuildFile; fileRef = D70267AB2886877B00EFDABE /* Task.swift */; };
		D70267AF2886915300EFDABE /* PasscodeViewController.swift in Sources */ = {isa = PBXBuildFile; fileRef = D70267AE2886915300EFDABE /* PasscodeViewController.swift */; };
		D70267B128869B6200EFDABE /* KeychainManager.swift in Sources */ = {isa = PBXBuildFile; fileRef = D70267B028869B6200EFDABE /* KeychainManager.swift */; };
		D7A17DB428853F5300D7B10E /* DoorViewController.swift in Sources */ = {isa = PBXBuildFile; fileRef = D7A17DB328853F5300D7B10E /* DoorViewController.swift */; };
/* End PBXBuildFile section */

/* Begin PBXFileReference section */
		090F2E45288FDB7A003712CB /* AudioManager.swift */ = {isa = PBXFileReference; fileEncoding = 4; lastKnownFileType = sourcecode.swift; path = AudioManager.swift; sourceTree = "<group>"; };
		0952C0C32893CD600060ED88 /* Many_Days.mp3 */ = {isa = PBXFileReference; lastKnownFileType = audio.mp3; path = Many_Days.mp3; sourceTree = "<group>"; };
		15B9DD1D384DD6BA64959574 /* Pods_KnockKnock.framework */ = {isa = PBXFileReference; explicitFileType = wrapper.framework; includeInIndex = 0; path = Pods_KnockKnock.framework; sourceTree = BUILT_PRODUCTS_DIR; };
		32211B72287EFD6B00A9F3B1 /* KnockKnock.app */ = {isa = PBXFileReference; explicitFileType = wrapper.application; includeInIndex = 0; path = KnockKnock.app; sourceTree = BUILT_PRODUCTS_DIR; };
		32211B75287EFD6B00A9F3B1 /* AppDelegate.swift */ = {isa = PBXFileReference; lastKnownFileType = sourcecode.swift; path = AppDelegate.swift; sourceTree = "<group>"; };
		32211B77287EFD6B00A9F3B1 /* SceneDelegate.swift */ = {isa = PBXFileReference; lastKnownFileType = sourcecode.swift; path = SceneDelegate.swift; sourceTree = "<group>"; };
		32211B79287EFD6B00A9F3B1 /* RoomViewController.swift */ = {isa = PBXFileReference; lastKnownFileType = sourcecode.swift; path = RoomViewController.swift; sourceTree = "<group>"; };
		32211B7F287EFD6B00A9F3B1 /* KnockKnock.xcdatamodel */ = {isa = PBXFileReference; lastKnownFileType = wrapper.xcdatamodel; path = KnockKnock.xcdatamodel; sourceTree = "<group>"; };
		32211B81287EFD6B00A9F3B1 /* Assets.xcassets */ = {isa = PBXFileReference; lastKnownFileType = folder.assetcatalog; path = Assets.xcassets; sourceTree = "<group>"; };
		32211B84287EFD6B00A9F3B1 /* Base */ = {isa = PBXFileReference; lastKnownFileType = file.storyboard; name = Base; path = Base.lproj/LaunchScreen.storyboard; sourceTree = "<group>"; };
		32211B86287EFD6B00A9F3B1 /* Info.plist */ = {isa = PBXFileReference; lastKnownFileType = text.plist.xml; path = Info.plist; sourceTree = "<group>"; };
		3266FFED2883D92A00B6D6A6 /* MainLetterViewController.swift */ = {isa = PBXFileReference; lastKnownFileType = sourcecode.swift; path = MainLetterViewController.swift; sourceTree = "<group>"; };
		32B3008F288FC1E90020FF8E /* SawarabiMincho-Regular.ttf */ = {isa = PBXFileReference; lastKnownFileType = file; path = "SawarabiMincho-Regular.ttf"; sourceTree = "<group>"; };
		32CD93AF287F0AE300D8E155 /* MainMemoView.swift */ = {isa = PBXFileReference; lastKnownFileType = sourcecode.swift; path = MainMemoView.swift; sourceTree = "<group>"; };
		32CD93B2287F0EE100D8E155 /* CoreDataManager.swift */ = {isa = PBXFileReference; lastKnownFileType = sourcecode.swift; path = CoreDataManager.swift; sourceTree = "<group>"; };
		32CD93B4287F14C200D8E155 /* MemoDetailViewController.swift */ = {isa = PBXFileReference; lastKnownFileType = sourcecode.swift; path = MemoDetailViewController.swift; sourceTree = "<group>"; };
		32F3E2BF288A8E5200F66F05 /* MapoFlowerIsland.ttf */ = {isa = PBXFileReference; lastKnownFileType = file; path = MapoFlowerIsland.ttf; sourceTree = "<group>"; };
		465EB4B59ECBEBDF62408209 /* Pods-KnockKnock.debug.xcconfig */ = {isa = PBXFileReference; includeInIndex = 1; lastKnownFileType = text.xcconfig; name = "Pods-KnockKnock.debug.xcconfig"; path = "Target Support Files/Pods-KnockKnock/Pods-KnockKnock.debug.xcconfig"; sourceTree = "<group>"; };
		5BD94A55DB524B71EB09E129 /* Pods-KnockKnock.release.xcconfig */ = {isa = PBXFileReference; includeInIndex = 1; lastKnownFileType = text.xcconfig; name = "Pods-KnockKnock.release.xcconfig"; path = "Target Support Files/Pods-KnockKnock/Pods-KnockKnock.release.xcconfig"; sourceTree = "<group>"; };
		6F182F052880BA100083131C /* MainAlbumViewController.swift */ = {isa = PBXFileReference; lastKnownFileType = sourcecode.swift; path = MainAlbumViewController.swift; sourceTree = "<group>"; };
		6F2F7452288139A400BC2E7B /* AlbumCollectionViewCell.swift */ = {isa = PBXFileReference; lastKnownFileType = sourcecode.swift; path = AlbumCollectionViewCell.swift; sourceTree = "<group>"; };
		6F7FCCFD288541A70044F591 /* MainFrameViewController.swift */ = {isa = PBXFileReference; lastKnownFileType = sourcecode.swift; path = MainFrameViewController.swift; sourceTree = "<group>"; };
		6FDE051F2886EF2300F4252C /* FrameCollectionViewCell.swift */ = {isa = PBXFileReference; fileEncoding = 4; lastKnownFileType = sourcecode.swift; path = FrameCollectionViewCell.swift; sourceTree = "<group>"; };
		6FDE05202886EF2300F4252C /* FrameViewController.swift */ = {isa = PBXFileReference; fileEncoding = 4; lastKnownFileType = sourcecode.swift; path = FrameViewController.swift; sourceTree = "<group>"; };
		BF94253D288143E500CB8653 /* CellDetailViewController.swift */ = {isa = PBXFileReference; lastKnownFileType = sourcecode.swift; path = CellDetailViewController.swift; sourceTree = "<group>"; };
		BFE7D9CA289263D10086667E /* OnboardingView.swift */ = {isa = PBXFileReference; lastKnownFileType = sourcecode.swift; path = OnboardingView.swift; sourceTree = "<group>"; };
		BFE7D9CC289266B40086667E /* OnboardingViewController.swift */ = {isa = PBXFileReference; lastKnownFileType = sourcecode.swift; path = OnboardingViewController.swift; sourceTree = "<group>"; };
		D70267A9288685EB00EFDABE /* SettingViewController.swift */ = {isa = PBXFileReference; lastKnownFileType = sourcecode.swift; path = SettingViewController.swift; sourceTree = "<group>"; };
		D70267AB2886877B00EFDABE /* Task.swift */ = {isa = PBXFileReference; lastKnownFileType = sourcecode.swift; path = Task.swift; sourceTree = "<group>"; };
		D70267AE2886915300EFDABE /* PasscodeViewController.swift */ = {isa = PBXFileReference; lastKnownFileType = sourcecode.swift; path = PasscodeViewController.swift; sourceTree = "<group>"; };
		D70267B028869B6200EFDABE /* KeychainManager.swift */ = {isa = PBXFileReference; lastKnownFileType = sourcecode.swift; path = KeychainManager.swift; sourceTree = "<group>"; };
		D7A17DB328853F5300D7B10E /* DoorViewController.swift */ = {isa = PBXFileReference; lastKnownFileType = sourcecode.swift; path = DoorViewController.swift; sourceTree = "<group>"; };
/* End PBXFileReference section */

/* Begin PBXFrameworksBuildPhase section */
		32211B6F287EFD6B00A9F3B1 /* Frameworks */ = {
			isa = PBXFrameworksBuildPhase;
			buildActionMask = 2147483647;
			files = (
				63694D696D312680794B7F0E /* Pods_KnockKnock.framework in Frameworks */,
			);
			runOnlyForDeploymentPostprocessing = 0;
		};
/* End PBXFrameworksBuildPhase section */

/* Begin PBXGroup section */
		090F2E41288FDB0A003712CB /* Audio */ = {
			isa = PBXGroup;
			children = (
				090F2E45288FDB7A003712CB /* AudioManager.swift */,
				090F2E42288FDB12003712CB /* Music */,
			);
			path = Audio;
			sourceTree = "<group>";
		};
		090F2E42288FDB12003712CB /* Music */ = {
			isa = PBXGroup;
			children = (
				0952C0C32893CD600060ED88 /* Many_Days.mp3 */,
			);
			path = Music;
			sourceTree = "<group>";
		};
		32211B69287EFD6B00A9F3B1 = {
			isa = PBXGroup;
			children = (
				090F2E41288FDB0A003712CB /* Audio */,
				32F3E2BE288A8E2B00F66F05 /* Font */,
				32CD93B1287F0ECD00D8E155 /* CoreData */,
				32211B74287EFD6B00A9F3B1 /* KnockKnock */,
				32211B73287EFD6B00A9F3B1 /* Products */,
				72F2DD1EC855862C355B406E /* Pods */,
				DDC5480FAFE7CD3561314BD4 /* Frameworks */,
			);
			sourceTree = "<group>";
		};
		32211B73287EFD6B00A9F3B1 /* Products */ = {
			isa = PBXGroup;
			children = (
				32211B72287EFD6B00A9F3B1 /* KnockKnock.app */,
			);
			name = Products;
			sourceTree = "<group>";
		};
		32211B74287EFD6B00A9F3B1 /* KnockKnock */ = {
			isa = PBXGroup;
			children = (
				D70267AD2886912200EFDABE /* Passcode */,
				D70267A8288685C100EFDABE /* PasscodeSetting */,
				6F7FCCFC2885418A0044F591 /* Frame */,
				3266FFEC2883D91200B6D6A6 /* Letter */,
				6F4452402880B97C00E7AEE0 /* Album */,
				32211B8C287EFE1B00A9F3B1 /* Memo */,
				32211B75287EFD6B00A9F3B1 /* AppDelegate.swift */,
				32211B77287EFD6B00A9F3B1 /* SceneDelegate.swift */,
				BFE7D9CA289263D10086667E /* OnboardingView.swift */,
				BFE7D9CC289266B40086667E /* OnboardingViewController.swift */,
				32211B79287EFD6B00A9F3B1 /* RoomViewController.swift */,
				D7A17DB328853F5300D7B10E /* DoorViewController.swift */,
				32211B81287EFD6B00A9F3B1 /* Assets.xcassets */,
				32211B83287EFD6B00A9F3B1 /* LaunchScreen.storyboard */,
				32211B86287EFD6B00A9F3B1 /* Info.plist */,
			);
			path = KnockKnock;
			sourceTree = "<group>";
		};
		32211B8C287EFE1B00A9F3B1 /* Memo */ = {
			isa = PBXGroup;
			children = (
				32CD93AF287F0AE300D8E155 /* MainMemoView.swift */,
				32CD93B4287F14C200D8E155 /* MemoDetailViewController.swift */,
			);
			path = Memo;
			sourceTree = "<group>";
		};
		3266FFEC2883D91200B6D6A6 /* Letter */ = {
			isa = PBXGroup;
			children = (
				3266FFED2883D92A00B6D6A6 /* MainLetterViewController.swift */,
			);
			path = Letter;
			sourceTree = "<group>";
		};
		32CD93B1287F0ECD00D8E155 /* CoreData */ = {
			isa = PBXGroup;
			children = (
				32211B7E287EFD6B00A9F3B1 /* KnockKnock.xcdatamodeld */,
				32CD93B2287F0EE100D8E155 /* CoreDataManager.swift */,
			);
			path = CoreData;
			sourceTree = "<group>";
		};
		32F3E2BE288A8E2B00F66F05 /* Font */ = {
			isa = PBXGroup;
			children = (
				32F3E2BF288A8E5200F66F05 /* MapoFlowerIsland.ttf */,
				32B3008F288FC1E90020FF8E /* SawarabiMincho-Regular.ttf */,
			);
			path = Font;
			sourceTree = "<group>";
		};
		6F4452402880B97C00E7AEE0 /* Album */ = {
			isa = PBXGroup;
			children = (
				6F182F052880BA100083131C /* MainAlbumViewController.swift */,
				6F2F7452288139A400BC2E7B /* AlbumCollectionViewCell.swift */,
				BF94253D288143E500CB8653 /* CellDetailViewController.swift */,
			);
			path = Album;
			sourceTree = "<group>";
		};
		6F7FCCFC2885418A0044F591 /* Frame */ = {
			isa = PBXGroup;
			children = (
				6FDE051F2886EF2300F4252C /* FrameCollectionViewCell.swift */,
				6FDE05202886EF2300F4252C /* FrameViewController.swift */,
				6F7FCCFD288541A70044F591 /* MainFrameViewController.swift */,
			);
			path = Frame;
			sourceTree = "<group>";
		};
		72F2DD1EC855862C355B406E /* Pods */ = {
			isa = PBXGroup;
			children = (
				465EB4B59ECBEBDF62408209 /* Pods-KnockKnock.debug.xcconfig */,
				5BD94A55DB524B71EB09E129 /* Pods-KnockKnock.release.xcconfig */,
			);
			path = Pods;
			sourceTree = "<group>";
		};
		D70267A8288685C100EFDABE /* PasscodeSetting */ = {
			isa = PBXGroup;
			children = (
				D70267A9288685EB00EFDABE /* SettingViewController.swift */,
				D70267AB2886877B00EFDABE /* Task.swift */,
				D70267B028869B6200EFDABE /* KeychainManager.swift */,
			);
			path = PasscodeSetting;
			sourceTree = "<group>";
		};
		D70267AD2886912200EFDABE /* Passcode */ = {
			isa = PBXGroup;
			children = (
				D70267AE2886915300EFDABE /* PasscodeViewController.swift */,
			);
			path = Passcode;
			sourceTree = "<group>";
		};
		DDC5480FAFE7CD3561314BD4 /* Frameworks */ = {
			isa = PBXGroup;
			children = (
				15B9DD1D384DD6BA64959574 /* Pods_KnockKnock.framework */,
			);
			name = Frameworks;
			sourceTree = "<group>";
		};
/* End PBXGroup section */

/* Begin PBXNativeTarget section */
		32211B71287EFD6B00A9F3B1 /* KnockKnock */ = {
			isa = PBXNativeTarget;
			buildConfigurationList = 32211B89287EFD6B00A9F3B1 /* Build configuration list for PBXNativeTarget "KnockKnock" */;
			buildPhases = (
				BCC9E787F64760C07C695515 /* [CP] Check Pods Manifest.lock */,
				32211B6E287EFD6B00A9F3B1 /* Sources */,
				32211B6F287EFD6B00A9F3B1 /* Frameworks */,
				32211B70287EFD6B00A9F3B1 /* Resources */,
				51D423F6623030DF076DB6B4 /* [CP] Embed Pods Frameworks */,
			);
			buildRules = (
			);
			dependencies = (
			);
			name = KnockKnock;
			productName = KnockKnock;
			productReference = 32211B72287EFD6B00A9F3B1 /* KnockKnock.app */;
			productType = "com.apple.product-type.application";
		};
/* End PBXNativeTarget section */

/* Begin PBXProject section */
		32211B6A287EFD6B00A9F3B1 /* Project object */ = {
			isa = PBXProject;
			attributes = {
				BuildIndependentTargetsInParallel = 1;
				LastSwiftUpdateCheck = 1340;
				LastUpgradeCheck = 1340;
				TargetAttributes = {
					32211B71287EFD6B00A9F3B1 = {
						CreatedOnToolsVersion = 13.4.1;
					};
				};
			};
			buildConfigurationList = 32211B6D287EFD6B00A9F3B1 /* Build configuration list for PBXProject "KnockKnock" */;
			compatibilityVersion = "Xcode 13.0";
			developmentRegion = en;
			hasScannedForEncodings = 0;
			knownRegions = (
				en,
				Base,
			);
			mainGroup = 32211B69287EFD6B00A9F3B1;
			productRefGroup = 32211B73287EFD6B00A9F3B1 /* Products */;
			projectDirPath = "";
			projectRoot = "";
			targets = (
				32211B71287EFD6B00A9F3B1 /* KnockKnock */,
			);
		};
/* End PBXProject section */

/* Begin PBXResourcesBuildPhase section */
		32211B70287EFD6B00A9F3B1 /* Resources */ = {
			isa = PBXResourcesBuildPhase;
			buildActionMask = 2147483647;
			files = (
				32211B85287EFD6B00A9F3B1 /* LaunchScreen.storyboard in Resources */,
				32B30090288FC1E90020FF8E /* SawarabiMincho-Regular.ttf in Resources */,
				0952C0C42893CD600060ED88 /* Many_Days.mp3 in Resources */,
				32F3E2C0288A8E5200F66F05 /* MapoFlowerIsland.ttf in Resources */,
				32211B82287EFD6B00A9F3B1 /* Assets.xcassets in Resources */,
			);
			runOnlyForDeploymentPostprocessing = 0;
		};
/* End PBXResourcesBuildPhase section */

/* Begin PBXShellScriptBuildPhase section */
		51D423F6623030DF076DB6B4 /* [CP] Embed Pods Frameworks */ = {
			isa = PBXShellScriptBuildPhase;
			buildActionMask = 2147483647;
			files = (
			);
			inputFileListPaths = (
				"${PODS_ROOT}/Target Support Files/Pods-KnockKnock/Pods-KnockKnock-frameworks-${CONFIGURATION}-input-files.xcfilelist",
			);
			name = "[CP] Embed Pods Frameworks";
			outputFileListPaths = (
				"${PODS_ROOT}/Target Support Files/Pods-KnockKnock/Pods-KnockKnock-frameworks-${CONFIGURATION}-output-files.xcfilelist",
			);
			runOnlyForDeploymentPostprocessing = 0;
			shellPath = /bin/sh;
			shellScript = "\"${PODS_ROOT}/Target Support Files/Pods-KnockKnock/Pods-KnockKnock-frameworks.sh\"\n";
			showEnvVarsInLog = 0;
		};
		BCC9E787F64760C07C695515 /* [CP] Check Pods Manifest.lock */ = {
			isa = PBXShellScriptBuildPhase;
			buildActionMask = 2147483647;
			files = (
			);
			inputFileListPaths = (
			);
			inputPaths = (
				"${PODS_PODFILE_DIR_PATH}/Podfile.lock",
				"${PODS_ROOT}/Manifest.lock",
			);
			name = "[CP] Check Pods Manifest.lock";
			outputFileListPaths = (
			);
			outputPaths = (
				"$(DERIVED_FILE_DIR)/Pods-KnockKnock-checkManifestLockResult.txt",
			);
			runOnlyForDeploymentPostprocessing = 0;
			shellPath = /bin/sh;
			shellScript = "diff \"${PODS_PODFILE_DIR_PATH}/Podfile.lock\" \"${PODS_ROOT}/Manifest.lock\" > /dev/null\nif [ $? != 0 ] ; then\n    # print error to STDERR\n    echo \"error: The sandbox is not in sync with the Podfile.lock. Run 'pod install' or update your CocoaPods installation.\" >&2\n    exit 1\nfi\n# This output is used by Xcode 'outputs' to avoid re-running this script phase.\necho \"SUCCESS\" > \"${SCRIPT_OUTPUT_FILE_0}\"\n";
			showEnvVarsInLog = 0;
		};
/* End PBXShellScriptBuildPhase section */

/* Begin PBXSourcesBuildPhase section */
		32211B6E287EFD6B00A9F3B1 /* Sources */ = {
			isa = PBXSourcesBuildPhase;
			buildActionMask = 2147483647;
			files = (
				3266FFEE2883D92A00B6D6A6 /* MainLetterViewController.swift in Sources */,
				6F2F7453288139A400BC2E7B /* AlbumCollectionViewCell.swift in Sources */,
				D7A17DB428853F5300D7B10E /* DoorViewController.swift in Sources */,
				32CD93B5287F14C200D8E155 /* MemoDetailViewController.swift in Sources */,
				BFE7D9CD289266B40086667E /* OnboardingViewController.swift in Sources */,
				32CD93B3287F0EE100D8E155 /* CoreDataManager.swift in Sources */,
				D70267AA288685EB00EFDABE /* SettingViewController.swift in Sources */,
				D70267B128869B6200EFDABE /* KeychainManager.swift in Sources */,
				BFE7D9CB289263D10086667E /* OnboardingView.swift in Sources */,
				32211B7A287EFD6B00A9F3B1 /* RoomViewController.swift in Sources */,
				6FDE05222886EF2300F4252C /* FrameViewController.swift in Sources */,
				D70267AC2886877B00EFDABE /* Task.swift in Sources */,
				D70267AF2886915300EFDABE /* PasscodeViewController.swift in Sources */,
				32211B76287EFD6B00A9F3B1 /* AppDelegate.swift in Sources */,
				32CD93B0287F0AE300D8E155 /* MainMemoView.swift in Sources */,
				6FDE05212886EF2300F4252C /* FrameCollectionViewCell.swift in Sources */,
				6F7FCCFE288541A70044F591 /* MainFrameViewController.swift in Sources */,
				6F182F062880BA100083131C /* MainAlbumViewController.swift in Sources */,
				BF94253E288143E500CB8653 /* CellDetailViewController.swift in Sources */,
				32211B78287EFD6B00A9F3B1 /* SceneDelegate.swift in Sources */,
				090F2E46288FDB7A003712CB /* AudioManager.swift in Sources */,
				32211B80287EFD6B00A9F3B1 /* KnockKnock.xcdatamodeld in Sources */,
			);
			runOnlyForDeploymentPostprocessing = 0;
		};
/* End PBXSourcesBuildPhase section */

/* Begin PBXVariantGroup section */
		32211B83287EFD6B00A9F3B1 /* LaunchScreen.storyboard */ = {
			isa = PBXVariantGroup;
			children = (
				32211B84287EFD6B00A9F3B1 /* Base */,
			);
			name = LaunchScreen.storyboard;
			sourceTree = "<group>";
		};
/* End PBXVariantGroup section */

/* Begin XCBuildConfiguration section */
		32211B87287EFD6B00A9F3B1 /* Debug */ = {
			isa = XCBuildConfiguration;
			buildSettings = {
				ALWAYS_SEARCH_USER_PATHS = NO;
				CLANG_ANALYZER_NONNULL = YES;
				CLANG_ANALYZER_NUMBER_OBJECT_CONVERSION = YES_AGGRESSIVE;
				CLANG_CXX_LANGUAGE_STANDARD = "gnu++17";
				CLANG_ENABLE_MODULES = YES;
				CLANG_ENABLE_OBJC_ARC = YES;
				CLANG_ENABLE_OBJC_WEAK = YES;
				CLANG_WARN_BLOCK_CAPTURE_AUTORELEASING = YES;
				CLANG_WARN_BOOL_CONVERSION = YES;
				CLANG_WARN_COMMA = YES;
				CLANG_WARN_CONSTANT_CONVERSION = YES;
				CLANG_WARN_DEPRECATED_OBJC_IMPLEMENTATIONS = YES;
				CLANG_WARN_DIRECT_OBJC_ISA_USAGE = YES_ERROR;
				CLANG_WARN_DOCUMENTATION_COMMENTS = YES;
				CLANG_WARN_EMPTY_BODY = YES;
				CLANG_WARN_ENUM_CONVERSION = YES;
				CLANG_WARN_INFINITE_RECURSION = YES;
				CLANG_WARN_INT_CONVERSION = YES;
				CLANG_WARN_NON_LITERAL_NULL_CONVERSION = YES;
				CLANG_WARN_OBJC_IMPLICIT_RETAIN_SELF = YES;
				CLANG_WARN_OBJC_LITERAL_CONVERSION = YES;
				CLANG_WARN_OBJC_ROOT_CLASS = YES_ERROR;
				CLANG_WARN_QUOTED_INCLUDE_IN_FRAMEWORK_HEADER = YES;
				CLANG_WARN_RANGE_LOOP_ANALYSIS = YES;
				CLANG_WARN_STRICT_PROTOTYPES = YES;
				CLANG_WARN_SUSPICIOUS_MOVE = YES;
				CLANG_WARN_UNGUARDED_AVAILABILITY = YES_AGGRESSIVE;
				CLANG_WARN_UNREACHABLE_CODE = YES;
				CLANG_WARN__DUPLICATE_METHOD_MATCH = YES;
				COPY_PHASE_STRIP = NO;
				DEBUG_INFORMATION_FORMAT = dwarf;
				ENABLE_STRICT_OBJC_MSGSEND = YES;
				ENABLE_TESTABILITY = YES;
				GCC_C_LANGUAGE_STANDARD = gnu11;
				GCC_DYNAMIC_NO_PIC = NO;
				GCC_NO_COMMON_BLOCKS = YES;
				GCC_OPTIMIZATION_LEVEL = 0;
				GCC_PREPROCESSOR_DEFINITIONS = (
					"DEBUG=1",
					"$(inherited)",
				);
				GCC_WARN_64_TO_32_BIT_CONVERSION = YES;
				GCC_WARN_ABOUT_RETURN_TYPE = YES_ERROR;
				GCC_WARN_UNDECLARED_SELECTOR = YES;
				GCC_WARN_UNINITIALIZED_AUTOS = YES_AGGRESSIVE;
				GCC_WARN_UNUSED_FUNCTION = YES;
				GCC_WARN_UNUSED_VARIABLE = YES;
				IPHONEOS_DEPLOYMENT_TARGET = 15.0;
				MTL_ENABLE_DEBUG_INFO = INCLUDE_SOURCE;
				MTL_FAST_MATH = YES;
				ONLY_ACTIVE_ARCH = YES;
				SDKROOT = iphoneos;
				SWIFT_ACTIVE_COMPILATION_CONDITIONS = DEBUG;
				SWIFT_OPTIMIZATION_LEVEL = "-Onone";
			};
			name = Debug;
		};
		32211B88287EFD6B00A9F3B1 /* Release */ = {
			isa = XCBuildConfiguration;
			buildSettings = {
				ALWAYS_SEARCH_USER_PATHS = NO;
				CLANG_ANALYZER_NONNULL = YES;
				CLANG_ANALYZER_NUMBER_OBJECT_CONVERSION = YES_AGGRESSIVE;
				CLANG_CXX_LANGUAGE_STANDARD = "gnu++17";
				CLANG_ENABLE_MODULES = YES;
				CLANG_ENABLE_OBJC_ARC = YES;
				CLANG_ENABLE_OBJC_WEAK = YES;
				CLANG_WARN_BLOCK_CAPTURE_AUTORELEASING = YES;
				CLANG_WARN_BOOL_CONVERSION = YES;
				CLANG_WARN_COMMA = YES;
				CLANG_WARN_CONSTANT_CONVERSION = YES;
				CLANG_WARN_DEPRECATED_OBJC_IMPLEMENTATIONS = YES;
				CLANG_WARN_DIRECT_OBJC_ISA_USAGE = YES_ERROR;
				CLANG_WARN_DOCUMENTATION_COMMENTS = YES;
				CLANG_WARN_EMPTY_BODY = YES;
				CLANG_WARN_ENUM_CONVERSION = YES;
				CLANG_WARN_INFINITE_RECURSION = YES;
				CLANG_WARN_INT_CONVERSION = YES;
				CLANG_WARN_NON_LITERAL_NULL_CONVERSION = YES;
				CLANG_WARN_OBJC_IMPLICIT_RETAIN_SELF = YES;
				CLANG_WARN_OBJC_LITERAL_CONVERSION = YES;
				CLANG_WARN_OBJC_ROOT_CLASS = YES_ERROR;
				CLANG_WARN_QUOTED_INCLUDE_IN_FRAMEWORK_HEADER = YES;
				CLANG_WARN_RANGE_LOOP_ANALYSIS = YES;
				CLANG_WARN_STRICT_PROTOTYPES = YES;
				CLANG_WARN_SUSPICIOUS_MOVE = YES;
				CLANG_WARN_UNGUARDED_AVAILABILITY = YES_AGGRESSIVE;
				CLANG_WARN_UNREACHABLE_CODE = YES;
				CLANG_WARN__DUPLICATE_METHOD_MATCH = YES;
				COPY_PHASE_STRIP = NO;
				DEBUG_INFORMATION_FORMAT = "dwarf-with-dsym";
				ENABLE_NS_ASSERTIONS = NO;
				ENABLE_STRICT_OBJC_MSGSEND = YES;
				GCC_C_LANGUAGE_STANDARD = gnu11;
				GCC_NO_COMMON_BLOCKS = YES;
				GCC_WARN_64_TO_32_BIT_CONVERSION = YES;
				GCC_WARN_ABOUT_RETURN_TYPE = YES_ERROR;
				GCC_WARN_UNDECLARED_SELECTOR = YES;
				GCC_WARN_UNINITIALIZED_AUTOS = YES_AGGRESSIVE;
				GCC_WARN_UNUSED_FUNCTION = YES;
				GCC_WARN_UNUSED_VARIABLE = YES;
				IPHONEOS_DEPLOYMENT_TARGET = 15.0;
				MTL_ENABLE_DEBUG_INFO = NO;
				MTL_FAST_MATH = YES;
				SDKROOT = iphoneos;
				SWIFT_COMPILATION_MODE = wholemodule;
				SWIFT_OPTIMIZATION_LEVEL = "-O";
				VALIDATE_PRODUCT = YES;
			};
			name = Release;
		};
		32211B8A287EFD6B00A9F3B1 /* Debug */ = {
			isa = XCBuildConfiguration;
			baseConfigurationReference = 465EB4B59ECBEBDF62408209 /* Pods-KnockKnock.debug.xcconfig */;
			buildSettings = {
				ASSETCATALOG_COMPILER_APPICON_NAME = AppIcon;
				ASSETCATALOG_COMPILER_GLOBAL_ACCENT_COLOR_NAME = AccentColor;
				CODE_SIGN_STYLE = Automatic;
				CURRENT_PROJECT_VERSION = 1;
				DEVELOPMENT_TEAM = FRZRS5Y9L6;
				GENERATE_INFOPLIST_FILE = YES;
				INFOPLIST_FILE = KnockKnock/Info.plist;
				INFOPLIST_KEY_NSFaceIDUsageDescription = "";
				INFOPLIST_KEY_UIApplicationSupportsIndirectInputEvents = YES;
				INFOPLIST_KEY_UILaunchStoryboardName = LaunchScreen;
				INFOPLIST_KEY_UISupportedInterfaceOrientations_iPad = "UIInterfaceOrientationPortrait UIInterfaceOrientationPortraitUpsideDown UIInterfaceOrientationLandscapeLeft UIInterfaceOrientationLandscapeRight";
				INFOPLIST_KEY_UISupportedInterfaceOrientations_iPhone = "UIInterfaceOrientationPortrait UIInterfaceOrientationLandscapeLeft UIInterfaceOrientationLandscapeRight";
				LD_RUNPATH_SEARCH_PATHS = (
					"$(inherited)",
					"@executable_path/Frameworks",
				);
				MARKETING_VERSION = 1.0;
				PRODUCT_BUNDLE_IDENTIFIER = com.changBro.KnockKnock;
				PRODUCT_NAME = "$(TARGET_NAME)";
				SWIFT_EMIT_LOC_STRINGS = YES;
				SWIFT_VERSION = 5.0;
				TARGETED_DEVICE_FAMILY = "1,2";
			};
			name = Debug;
		};
		32211B8B287EFD6B00A9F3B1 /* Release */ = {
			isa = XCBuildConfiguration;
			baseConfigurationReference = 5BD94A55DB524B71EB09E129 /* Pods-KnockKnock.release.xcconfig */;
			buildSettings = {
				ASSETCATALOG_COMPILER_APPICON_NAME = AppIcon;
				ASSETCATALOG_COMPILER_GLOBAL_ACCENT_COLOR_NAME = AccentColor;
				CODE_SIGN_STYLE = Automatic;
				CURRENT_PROJECT_VERSION = 1;
				DEVELOPMENT_TEAM = FRZRS5Y9L6;
				GENERATE_INFOPLIST_FILE = YES;
				INFOPLIST_FILE = KnockKnock/Info.plist;
				INFOPLIST_KEY_NSFaceIDUsageDescription = "";
				INFOPLIST_KEY_UIApplicationSupportsIndirectInputEvents = YES;
				INFOPLIST_KEY_UILaunchStoryboardName = LaunchScreen;
				INFOPLIST_KEY_UISupportedInterfaceOrientations_iPad = "UIInterfaceOrientationPortrait UIInterfaceOrientationPortraitUpsideDown UIInterfaceOrientationLandscapeLeft UIInterfaceOrientationLandscapeRight";
				INFOPLIST_KEY_UISupportedInterfaceOrientations_iPhone = "UIInterfaceOrientationPortrait UIInterfaceOrientationLandscapeLeft UIInterfaceOrientationLandscapeRight";
				LD_RUNPATH_SEARCH_PATHS = (
					"$(inherited)",
					"@executable_path/Frameworks",
				);
				MARKETING_VERSION = 1.0;
				PRODUCT_BUNDLE_IDENTIFIER = com.changBro.KnockKnock;
				PRODUCT_NAME = "$(TARGET_NAME)";
				SWIFT_EMIT_LOC_STRINGS = YES;
				SWIFT_VERSION = 5.0;
				TARGETED_DEVICE_FAMILY = "1,2";
			};
			name = Release;
		};
/* End XCBuildConfiguration section */

/* Begin XCConfigurationList section */
		32211B6D287EFD6B00A9F3B1 /* Build configuration list for PBXProject "KnockKnock" */ = {
			isa = XCConfigurationList;
			buildConfigurations = (
				32211B87287EFD6B00A9F3B1 /* Debug */,
				32211B88287EFD6B00A9F3B1 /* Release */,
			);
			defaultConfigurationIsVisible = 0;
			defaultConfigurationName = Release;
		};
		32211B89287EFD6B00A9F3B1 /* Build configuration list for PBXNativeTarget "KnockKnock" */ = {
			isa = XCConfigurationList;
			buildConfigurations = (
				32211B8A287EFD6B00A9F3B1 /* Debug */,
				32211B8B287EFD6B00A9F3B1 /* Release */,
			);
			defaultConfigurationIsVisible = 0;
			defaultConfigurationName = Release;
		};
/* End XCConfigurationList section */

/* Begin XCVersionGroup section */
		32211B7E287EFD6B00A9F3B1 /* KnockKnock.xcdatamodeld */ = {
			isa = XCVersionGroup;
			children = (
				32211B7F287EFD6B00A9F3B1 /* KnockKnock.xcdatamodel */,
			);
			currentVersion = 32211B7F287EFD6B00A9F3B1 /* KnockKnock.xcdatamodel */;
			path = KnockKnock.xcdatamodeld;
			sourceTree = "<group>";
			versionGroupType = wrapper.xcdatamodel;
		};
/* End XCVersionGroup section */
	};
	rootObject = 32211B6A287EFD6B00A9F3B1 /* Project object */;
}
